{
  "version": 4,
  "terraform_version": "1.7.5",
  "serial": 5,
  "lineage": "ca35917f-f0fc-a376-8bb9-6e57f22a7f01",
  "outputs": {},
  "resources": [
    {
      "mode": "managed",
      "type": "azurerm_linux_web_app",
      "name": "webapp",
      "provider": "provider[\"registry.terraform.io/hashicorp/azurerm\"]",
      "instances": [
        {
          "schema_version": 0,
          "attributes": {
            "app_settings": {
              "WEBSITES_ENABLE_APP_SERVICE_STORAGE": "false"
            },
            "auth_settings": [
              {
                "active_directory": [],
                "additional_login_parameters": {},
                "allowed_external_redirect_urls": [],
                "default_provider": "",
                "enabled": false,
                "facebook": [],
                "github": [],
                "google": [],
                "issuer": "",
                "microsoft": [],
                "runtime_version": "",
                "token_refresh_extension_hours": 0,
                "token_store_enabled": false,
                "twitter": [],
                "unauthenticated_client_action": ""
              }
            ],
            "backup": [],
            "client_affinity_enabled": false,
            "client_certificate_enabled": false,
            "client_certificate_mode": "Required",
            "connection_string": [],
            "custom_domain_verification_id": "93824D3A0F8E648FF54F8DE45DE4F443EEADEA081DE97EE791E3C3CFE9A290FE",
            "default_hostname": "webapp-misssheep-5476.azurewebsites.net",
            "enabled": true,
            "https_only": false,
            "id": "/subscriptions/6c2b4fe2-7908-4aac-99b4-32ef2aa4d43e/resourceGroups/rg-MissSheep-5476/providers/Microsoft.Web/sites/webapp-MissSheep-5476",
            "identity": [],
            "key_vault_reference_identity_id": "SystemAssigned",
            "kind": "app,linux",
            "location": "francecentral",
            "logs": [],
            "name": "webapp-MissSheep-5476",
            "outbound_ip_address_list": [
              "20.74.0.129",
              "20.74.1.126",
              "20.74.1.192",
              "20.74.2.73",
              "20.74.2.131",
              "20.74.2.158",
              "20.43.43.35"
            ],
            "outbound_ip_addresses": "20.74.0.129,20.74.1.126,20.74.1.192,20.74.2.73,20.74.2.131,20.74.2.158,20.43.43.35",
            "possible_outbound_ip_address_list": [
              "20.74.0.129",
              "20.74.1.126",
              "20.74.1.192",
              "20.74.2.73",
              "20.74.2.131",
              "20.74.2.158",
              "20.74.2.167",
              "20.74.2.192",
              "20.74.4.29",
              "20.74.4.82",
              "20.74.4.109",
              "20.74.4.120",
              "20.74.4.176",
              "20.74.4.235",
              "20.74.5.23",
              "20.74.5.74",
              "20.74.5.82",
              "20.74.5.100",
              "51.138.220.142",
              "51.138.218.191",
              "51.138.220.233",
              "51.138.218.198",
              "51.138.221.34",
              "51.138.220.63",
              "20.43.43.35"
            ],
            "possible_outbound_ip_addresses": "20.74.0.129,20.74.1.126,20.74.1.192,20.74.2.73,20.74.2.131,20.74.2.158,20.74.2.167,20.74.2.192,20.74.4.29,20.74.4.82,20.74.4.109,20.74.4.120,20.74.4.176,20.74.4.235,20.74.5.23,20.74.5.74,20.74.5.82,20.74.5.100,51.138.220.142,51.138.218.191,51.138.220.233,51.138.218.198,51.138.221.34,51.138.220.63,20.43.43.35",
            "resource_group_name": "rg-MissSheep-5476",
            "service_plan_id": "/subscriptions/6c2b4fe2-7908-4aac-99b4-32ef2aa4d43e/resourceGroups/rg-MissSheep-5476/providers/Microsoft.Web/serverfarms/asp-MissSheep-5476",
            "site_config": [
              {
                "always_on": true,
                "api_definition_url": "",
                "api_management_api_id": "",
                "app_command_line": "",
                "application_stack": [
                  {
                    "docker_image": "",
                    "docker_image_tag": "",
                    "dotnet_version": "",
                    "java_server": "",
                    "java_server_version": "",
                    "java_version": "",
                    "node_version": "",
                    "php_version": "",
                    "python_version": "",
                    "ruby_version": ""
                  }
                ],
                "auto_heal_enabled": false,
                "auto_heal_setting": [],
                "container_registry_managed_identity_client_id": "",
                "container_registry_use_managed_identity": false,
                "cors": [],
                "default_documents": [
                  "Default.htm",
                  "Default.html",
                  "Default.asp",
                  "index.htm",
                  "index.html",
                  "iisstart.htm",
                  "default.aspx",
                  "index.php",
                  "hostingstart.html"
                ],
                "detailed_error_logging_enabled": false,
                "ftps_state": "Disabled",
                "health_check_eviction_time_in_min": 0,
                "health_check_path": "",
                "http2_enabled": false,
                "ip_restriction": [],
                "linux_fx_version": "",
                "load_balancing_mode": "LeastRequests",
                "local_mysql_enabled": false,
                "managed_pipeline_mode": "Integrated",
                "minimum_tls_version": "1.2",
                "remote_debugging_enabled": false,
                "remote_debugging_version": "VS2019",
                "scm_ip_restriction": [],
                "scm_minimum_tls_version": "1.2",
                "scm_type": "None",
                "scm_use_main_ip_restriction": false,
                "use_32_bit_worker": true,
                "vnet_route_all_enabled": false,
                "websockets_enabled": false,
                "worker_count": 1
              }
            ],
            "site_credential": [
              {
                "name": "$webapp-MissSheep-5476",
                "password": "iHvQJcczxHEvBneovuY2MCX4e5qzgsnN53j9KbcvLBLLDsWT6n66jb06imrk"
              }
            ],
            "storage_account": [],
            "tags": null,
            "timeouts": null
          },
          "sensitive_attributes": [],
          "private": "eyJlMmJmYjczMC1lY2FhLTExZTYtOGY4OC0zNDM2M2JjN2M0YzAiOnsiY3JlYXRlIjoxODAwMDAwMDAwMDAwLCJkZWxldGUiOjE4MDAwMDAwMDAwMDAsInJlYWQiOjMwMDAwMDAwMDAwMCwidXBkYXRlIjoxODAwMDAwMDAwMDAwfX0=",
          "dependencies": [
            "azurerm_resource_group.rg",
            "azurerm_service_plan.asp",
            "random_integer.ri"
          ]
        }
      ]
    },
    {
      "mode": "managed",
      "type": "azurerm_resource_group",
      "name": "rg",
      "provider": "provider[\"registry.terraform.io/hashicorp/azurerm\"]",
      "instances": [
        {
          "schema_version": 0,
          "attributes": {
            "id": "/subscriptions/6c2b4fe2-7908-4aac-99b4-32ef2aa4d43e/resourceGroups/rg-MissSheep-5476",
            "location": "francecentral",
            "name": "rg-MissSheep-5476",
            "tags": null,
            "timeouts": null
          },
          "sensitive_attributes": [],
          "private": "eyJlMmJmYjczMC1lY2FhLTExZTYtOGY4OC0zNDM2M2JjN2M0YzAiOnsiY3JlYXRlIjo1NDAwMDAwMDAwMDAwLCJkZWxldGUiOjU0MDAwMDAwMDAwMDAsInJlYWQiOjMwMDAwMDAwMDAwMCwidXBkYXRlIjo1NDAwMDAwMDAwMDAwfX0=",
          "dependencies": [
            "random_integer.ri"
          ]
        }
      ]
    },
    {
      "mode": "managed",
      "type": "azurerm_service_plan",
      "name": "asp",
      "provider": "provider[\"registry.terraform.io/hashicorp/azurerm\"]",
      "instances": [
        {
          "schema_version": 0,
          "attributes": {
            "app_service_environment_id": "",
            "id": "/subscriptions/6c2b4fe2-7908-4aac-99b4-32ef2aa4d43e/resourceGroups/rg-MissSheep-5476/providers/Microsoft.Web/serverfarms/asp-MissSheep-5476",
            "kind": "linux",
            "location": "francecentral",
            "maximum_elastic_worker_count": 1,
            "name": "asp-MissSheep-5476",
            "os_type": "Linux",
            "per_site_scaling_enabled": false,
            "reserved": true,
            "resource_group_name": "rg-MissSheep-5476",
            "sku_name": "B1",
            "tags": null,
            "timeouts": null,
            "worker_count": 1
          },
          "sensitive_attributes": [],
          "private": "eyJlMmJmYjczMC1lY2FhLTExZTYtOGY4OC0zNDM2M2JjN2M0YzAiOnsiY3JlYXRlIjozNjAwMDAwMDAwMDAwLCJkZWxldGUiOjM2MDAwMDAwMDAwMDAsInJlYWQiOjMwMDAwMDAwMDAwMCwidXBkYXRlIjozNjAwMDAwMDAwMDAwfX0=",
          "dependencies": [
            "azurerm_resource_group.rg",
            "random_integer.ri"
          ]
        }
      ]
    },
    {
      "mode": "managed",
      "type": "random_integer",
      "name": "ri",
      "provider": "provider[\"registry.terraform.io/hashicorp/random\"]",
      "instances": [
        {
          "schema_version": 0,
          "attributes": {
            "id": "5476",
            "keepers": null,
            "max": 9999,
            "min": 1000,
            "result": 5476,
            "seed": null
          },
          "sensitive_attributes": []
        }
      ]
    }
  ],
  "check_results": null
}
